# This file is autogenerated, do not edit; changes may be undone by the next 'dep ensure'.


[[projects]]
  branch = "master"
  digest = "1:9912ae070a3f021189981001d3be1e3a5358d0052bcc4b46701cd3728f529ef0"
  name = "github.com/knightso/enameg"
  packages = [
    ".",
    "cmd/enameg",
  ]
  pruneopts = "UT"
  revision = "8a4b7da0d6598e24c8b0c6cb7cf4b3ac0401ce65"

[[projects]]
  digest = "1:dec186288a6bb542e94ea381ca06680d1606c61a2760811702f25e3763c17bd2"
  name = "github.com/moznion/gowrtr"
  packages = [
    "generator",
    "internal/errmsg",
  ]
  pruneopts = "UT"
  revision = "08e30cf60446ab679e314f94b08f48ee26c435c2"
  version = "v2.2.0"

[solve-meta]
  analyzer-name = "dep"
  analyzer-version = 1
  input-imports = ["github.com/knightso/enameg/cmd/enameg"]
  solver-name = "gps-cdcl"
  solver-version = 1
